
Microsoft Visual Studio Solution File, Format Version 12.00
Project("{2150E333-8FDC-42A3-9474-1A3956D46DE8}") = "Core", "Core", "{F32DC954-9C0B-440B-9D90-8D0DA4947E74}"
EndProject
Project("{2150E333-8FDC-42A3-9474-1A3956D46DE8}") = "Infrastructure", "Infrastructure", "{38F2F362-5A73-41BE-9251-B25F2A920B12}"
EndProject
Project("{2150E333-8FDC-42A3-9474-1A3956D46DE8}") = "Presentation", "Presentation", "{BE3E6D65-A26F-4B3D-B5BA-ED6B9932EBF8}"
EndProject
Project("{FAE04EC0-301F-11D3-BF4B-00C04F79EFBC}") = "Application", "Application\Application.csproj", "{BBB88BA7-F14B-48B9-B681-89C2FD67364D}"
EndProject
Project("{FAE04EC0-301F-11D3-BF4B-00C04F79EFBC}") = "Domain", "Domain\Domain.csproj", "{1CBCAF7A-9B99-43D3-A3B8-05731EE2D343}"
EndProject
Project("{FAE04EC0-301F-11D3-BF4B-00C04F79EFBC}") = "Persistence", "Persistence\Persistence.csproj", "{962905F1-37BE-40BA-88BA-687077899123}"
EndProject
Project("{FAE04EC0-301F-11D3-BF4B-00C04F79EFBC}") = "Shared", "Shared\Shared.csproj", "{BB0881E4-737C-4161-865E-6631602D86E4}"
EndProject
Project("{FAE04EC0-301F-11D3-BF4B-00C04F79EFBC}") = "Api", "Api\Api.csproj", "{89689402-63D9-4FA5-AA6F-555ADD7DBA47}"
EndProject
Project("{2150E333-8FDC-42A3-9474-1A3956D46DE8}") = "common", "common", "{818D890E-7F59-44F3-B835-9E357DC5BAB2}"
EndProject
Global
	GlobalSection(SolutionConfigurationPlatforms) = preSolution
		Debug|Any CPU = Debug|Any CPU
		Release|Any CPU = Release|Any CPU
	EndGlobalSection
	GlobalSection(ProjectConfigurationPlatforms) = postSolution
		{BBB88BA7-F14B-48B9-B681-89C2FD67364D}.Debug|Any CPU.ActiveCfg = Debug|Any CPU
		{BBB88BA7-F14B-48B9-B681-89C2FD67364D}.Debug|Any CPU.Build.0 = Debug|Any CPU
		{BBB88BA7-F14B-48B9-B681-89C2FD67364D}.Release|Any CPU.ActiveCfg = Release|Any CPU
		{BBB88BA7-F14B-48B9-B681-89C2FD67364D}.Release|Any CPU.Build.0 = Release|Any CPU
		{1CBCAF7A-9B99-43D3-A3B8-05731EE2D343}.Debug|Any CPU.ActiveCfg = Debug|Any CPU
		{1CBCAF7A-9B99-43D3-A3B8-05731EE2D343}.Debug|Any CPU.Build.0 = Debug|Any CPU
		{1CBCAF7A-9B99-43D3-A3B8-05731EE2D343}.Release|Any CPU.ActiveCfg = Release|Any CPU
		{1CBCAF7A-9B99-43D3-A3B8-05731EE2D343}.Release|Any CPU.Build.0 = Release|Any CPU
		{962905F1-37BE-40BA-88BA-687077899123}.Debug|Any CPU.ActiveCfg = Debug|Any CPU
		{962905F1-37BE-40BA-88BA-687077899123}.Debug|Any CPU.Build.0 = Debug|Any CPU
		{962905F1-37BE-40BA-88BA-687077899123}.Release|Any CPU.ActiveCfg = Release|Any CPU
		{962905F1-37BE-40BA-88BA-687077899123}.Release|Any CPU.Build.0 = Release|Any CPU
		{BB0881E4-737C-4161-865E-6631602D86E4}.Debug|Any CPU.ActiveCfg = Debug|Any CPU
		{BB0881E4-737C-4161-865E-6631602D86E4}.Debug|Any CPU.Build.0 = Debug|Any CPU
		{BB0881E4-737C-4161-865E-6631602D86E4}.Release|Any CPU.ActiveCfg = Release|Any CPU
		{BB0881E4-737C-4161-865E-6631602D86E4}.Release|Any CPU.Build.0 = Release|Any CPU
		{89689402-63D9-4FA5-AA6F-555ADD7DBA47}.Debug|Any CPU.ActiveCfg = Debug|Any CPU
		{89689402-63D9-4FA5-AA6F-555ADD7DBA47}.Debug|Any CPU.Build.0 = Debug|Any CPU
		{89689402-63D9-4FA5-AA6F-555ADD7DBA47}.Release|Any CPU.ActiveCfg = Release|Any CPU
		{89689402-63D9-4FA5-AA6F-555ADD7DBA47}.Release|Any CPU.Build.0 = Release|Any CPU
	EndGlobalSection
	GlobalSection(NestedProjects) = preSolution
		{BBB88BA7-F14B-48B9-B681-89C2FD67364D} = {F32DC954-9C0B-440B-9D90-8D0DA4947E74}
		{1CBCAF7A-9B99-43D3-A3B8-05731EE2D343} = {F32DC954-9C0B-440B-9D90-8D0DA4947E74}
		{962905F1-37BE-40BA-88BA-687077899123} = {38F2F362-5A73-41BE-9251-B25F2A920B12}
		{89689402-63D9-4FA5-AA6F-555ADD7DBA47} = {BE3E6D65-A26F-4B3D-B5BA-ED6B9932EBF8}
		{BB0881E4-737C-4161-865E-6631602D86E4} = {818D890E-7F59-44F3-B835-9E357DC5BAB2}
	EndGlobalSection
EndGlobal
